
Microsoft Visual Studio Solution File, Format Version 12.00
# Visual Studio Version 17
VisualStudioVersion = 17.9.34701.34
MinimumVisualStudioVersion = 10.0.40219.1
Project("{FAE04EC0-301F-11D3-BF4B-00C04F79EFBC}") = "FMS_Project", "FMS_Project\FMS_Project.csproj", "{4013063F-ECC3-4844-A055-A8C878E5952A}"
EndProject
Global
	GlobalSection(SolutionConfigurationPlatforms) = preSolution
		Debug|Any CPU = Debug|Any CPU
		Release|Any CPU = Release|Any CPU
	EndGlobalSection
	GlobalSection(ProjectConfigurationPlatforms) = postSolution
		{4013063F-ECC3-4844-A055-A8C878E5952A}.Debug|Any CPU.ActiveCfg = Debug|Any CPU
		{4013063F-ECC3-4844-A055-A8C878E5952A}.Debug|Any CPU.Build.0 = Debug|Any CPU
		{4013063F-ECC3-4844-A055-A8C878E5952A}.Release|Any CPU.ActiveCfg = Release|Any CPU
		{4013063F-ECC3-4844-A055-A8C878E5952A}.Release|Any CPU.Build.0 = Release|Any CPU
	EndGlobalSection
	GlobalSection(SolutionProperties) = preSolution
		HideSolutionNode = FALSE
	EndGlobalSection
	GlobalSection(ExtensibilityGlobals) = postSolution
		SolutionGuid = {911EFA4E-2AE4-4590-BFA8-3404FA74F045}
	EndGlobalSection
EndGlobal
